// !$*UTF8*$!
{
	archiveVersion = 1;
	classes = {
	};
	objectVersion = 56;
	objects = {

/* Begin PBXBuildFile section */
		037E67FB2C6E57B900F1CF83 /* LLColours.swift in Sources */ = {isa = PBXBuildFile; fileRef = 037E67FA2C6E57B900F1CF83 /* LLColours.swift */; };
		03C24FF42CB8224D0098A1A5 /* LLFinalCardView.swift in Sources */ = {isa = PBXBuildFile; fileRef = 03C24FF32CB8224D0098A1A5 /* LLFinalCardView.swift */; };
		03CEFF462C516FA0003A5A1C /* LearnLoopApp.swift in Sources */ = {isa = PBXBuildFile; fileRef = 03CEFF452C516FA0003A5A1C /* LearnLoopApp.swift */; };
		03CEFF482C516FA0003A5A1C /* LLHomeView.swift in Sources */ = {isa = PBXBuildFile; fileRef = 03CEFF472C516FA0003A5A1C /* LLHomeView.swift */; };
		03CEFF4A2C516FA4003A5A1C /* Assets.xcassets in Resources */ = {isa = PBXBuildFile; fileRef = 03CEFF492C516FA4003A5A1C /* Assets.xcassets */; };
		03CEFF4D2C516FA4003A5A1C /* Preview Assets.xcassets in Resources */ = {isa = PBXBuildFile; fileRef = 03CEFF4C2C516FA4003A5A1C /* Preview Assets.xcassets */; };
		03CEFF572C516FA5003A5A1C /* LearnLoopTests.swift in Sources */ = {isa = PBXBuildFile; fileRef = 03CEFF562C516FA5003A5A1C /* LearnLoopTests.swift */; };
		03CEFF612C516FA5003A5A1C /* LearnLoopUITests.swift in Sources */ = {isa = PBXBuildFile; fileRef = 03CEFF602C516FA5003A5A1C /* LearnLoopUITests.swift */; };
		03CEFF632C516FA5003A5A1C /* LearnLoopUITestsLaunchTests.swift in Sources */ = {isa = PBXBuildFile; fileRef = 03CEFF622C516FA5003A5A1C /* LearnLoopUITestsLaunchTests.swift */; };
		03D157832C5A74DF00C9602C /* LLHomeDeckCell.swift in Sources */ = {isa = PBXBuildFile; fileRef = 03D157822C5A74DF00C9602C /* LLHomeDeckCell.swift */; };
		03DEC5AE2CCAA8B9003605AC /* LLHomeViewButton.swift in Sources */ = {isa = PBXBuildFile; fileRef = 03DEC5AD2CCAA8B9003605AC /* LLHomeViewButton.swift */; };
		03F76C812C63B999005C4097 /* LLFirstCardView.swift in Sources */ = {isa = PBXBuildFile; fileRef = 03F76C802C63B998005C4097 /* LLFirstCardView.swift */; };
		03F76C852C63BB3C005C4097 /* HomeDeck.swift in Sources */ = {isa = PBXBuildFile; fileRef = 03F76C842C63BB3C005C4097 /* HomeDeck.swift */; };
		03F76C872C63BD18005C4097 /* Card.swift in Sources */ = {isa = PBXBuildFile; fileRef = 03F76C862C63BD18005C4097 /* Card.swift */; };
/* End PBXBuildFile section */

/* Begin PBXContainerItemProxy section */
		03CEFF532C516FA5003A5A1C /* PBXContainerItemProxy */ = {
			isa = PBXContainerItemProxy;
			containerPortal = 03CEFF3A2C516FA0003A5A1C /* Project object */;
			proxyType = 1;
			remoteGlobalIDString = 03CEFF412C516FA0003A5A1C;
			remoteInfo = LearnLoop;
		};
		03CEFF5D2C516FA5003A5A1C /* PBXContainerItemProxy */ = {
			isa = PBXContainerItemProxy;
			containerPortal = 03CEFF3A2C516FA0003A5A1C /* Project object */;
			proxyType = 1;
			remoteGlobalIDString = 03CEFF412C516FA0003A5A1C;
			remoteInfo = LearnLoop;
		};
/* End PBXContainerItemProxy section */

/* Begin PBXFileReference section */
		037E67FA2C6E57B900F1CF83 /* LLColours.swift */ = {isa = PBXFileReference; lastKnownFileType = sourcecode.swift; path = LLColours.swift; sourceTree = "<group>"; };
		03C24FF32CB8224D0098A1A5 /* LLFinalCardView.swift */ = {isa = PBXFileReference; lastKnownFileType = sourcecode.swift; path = LLFinalCardView.swift; sourceTree = "<group>"; };
		03CEFF422C516FA0003A5A1C /* LearnLoop.app */ = {isa = PBXFileReference; explicitFileType = wrapper.application; includeInIndex = 0; path = LearnLoop.app; sourceTree = BUILT_PRODUCTS_DIR; };
		03CEFF452C516FA0003A5A1C /* LearnLoopApp.swift */ = {isa = PBXFileReference; lastKnownFileType = sourcecode.swift; path = LearnLoopApp.swift; sourceTree = "<group>"; };
		03CEFF472C516FA0003A5A1C /* LLHomeView.swift */ = {isa = PBXFileReference; lastKnownFileType = sourcecode.swift; path = LLHomeView.swift; sourceTree = "<group>"; };
		03CEFF492C516FA4003A5A1C /* Assets.xcassets */ = {isa = PBXFileReference; lastKnownFileType = folder.assetcatalog; path = Assets.xcassets; sourceTree = "<group>"; };
		03CEFF4C2C516FA4003A5A1C /* Preview Assets.xcassets */ = {isa = PBXFileReference; lastKnownFileType = folder.assetcatalog; path = "Preview Assets.xcassets"; sourceTree = "<group>"; };
		03CEFF522C516FA5003A5A1C /* LearnLoopTests.xctest */ = {isa = PBXFileReference; explicitFileType = wrapper.cfbundle; includeInIndex = 0; path = LearnLoopTests.xctest; sourceTree = BUILT_PRODUCTS_DIR; };
		03CEFF562C516FA5003A5A1C /* LearnLoopTests.swift */ = {isa = PBXFileReference; lastKnownFileType = sourcecode.swift; path = LearnLoopTests.swift; sourceTree = "<group>"; };
		03CEFF5C2C516FA5003A5A1C /* LearnLoopUITests.xctest */ = {isa = PBXFileReference; explicitFileType = wrapper.cfbundle; includeInIndex = 0; path = LearnLoopUITests.xctest; sourceTree = BUILT_PRODUCTS_DIR; };
		03CEFF602C516FA5003A5A1C /* LearnLoopUITests.swift */ = {isa = PBXFileReference; lastKnownFileType = sourcecode.swift; path = LearnLoopUITests.swift; sourceTree = "<group>"; };
		03CEFF622C516FA5003A5A1C /* LearnLoopUITestsLaunchTests.swift */ = {isa = PBXFileReference; lastKnownFileType = sourcecode.swift; path = LearnLoopUITestsLaunchTests.swift; sourceTree = "<group>"; };
		03D157822C5A74DF00C9602C /* LLHomeDeckCell.swift */ = {isa = PBXFileReference; lastKnownFileType = sourcecode.swift; path = LLHomeDeckCell.swift; sourceTree = "<group>"; };
		03DEC5AD2CCAA8B9003605AC /* LLHomeViewButton.swift */ = {isa = PBXFileReference; lastKnownFileType = sourcecode.swift; path = LLHomeViewButton.swift; sourceTree = "<group>"; };
		03F76C802C63B998005C4097 /* LLFirstCardView.swift */ = {isa = PBXFileReference; lastKnownFileType = sourcecode.swift; path = LLFirstCardView.swift; sourceTree = "<group>"; };
		03F76C842C63BB3C005C4097 /* HomeDeck.swift */ = {isa = PBXFileReference; lastKnownFileType = sourcecode.swift; path = HomeDeck.swift; sourceTree = "<group>"; };
		03F76C862C63BD18005C4097 /* Card.swift */ = {isa = PBXFileReference; lastKnownFileType = sourcecode.swift; path = Card.swift; sourceTree = "<group>"; };
/* End PBXFileReference section */

/* Begin PBXFrameworksBuildPhase section */
		03CEFF3F2C516FA0003A5A1C /* Frameworks */ = {
			isa = PBXFrameworksBuildPhase;
			buildActionMask = 2147483647;
			files = (
			);
			runOnlyForDeploymentPostprocessing = 0;
		};
		03CEFF4F2C516FA5003A5A1C /* Frameworks */ = {
			isa = PBXFrameworksBuildPhase;
			buildActionMask = 2147483647;
			files = (
			);
			runOnlyForDeploymentPostprocessing = 0;
		};
		03CEFF592C516FA5003A5A1C /* Frameworks */ = {
			isa = PBXFrameworksBuildPhase;
			buildActionMask = 2147483647;
			files = (
			);
			runOnlyForDeploymentPostprocessing = 0;
		};
/* End PBXFrameworksBuildPhase section */

/* Begin PBXGroup section */
		037E67F92C6E578C00F1CF83 /* Design */ = {
			isa = PBXGroup;
			children = (
				037E67FA2C6E57B900F1CF83 /* LLColours.swift */,
			);
			path = Design;
			sourceTree = "<group>";
		};
		03CEFF392C516FA0003A5A1C = {
			isa = PBXGroup;
			children = (
				037E67F92C6E578C00F1CF83 /* Design */,
				03CEFF442C516FA0003A5A1C /* LearnLoop */,
				03CEFF552C516FA5003A5A1C /* LearnLoopTests */,
				03CEFF5F2C516FA5003A5A1C /* LearnLoopUITests */,
				03CEFF432C516FA0003A5A1C /* Products */,
			);
			sourceTree = "<group>";
		};
		03CEFF432C516FA0003A5A1C /* Products */ = {
			isa = PBXGroup;
			children = (
				03CEFF422C516FA0003A5A1C /* LearnLoop.app */,
				03CEFF522C516FA5003A5A1C /* LearnLoopTests.xctest */,
				03CEFF5C2C516FA5003A5A1C /* LearnLoopUITests.xctest */,
			);
			name = Products;
			sourceTree = "<group>";
		};
		03CEFF442C516FA0003A5A1C /* LearnLoop */ = {
			isa = PBXGroup;
			children = (
				03CEFF452C516FA0003A5A1C /* LearnLoopApp.swift */,
				03F76C822C63BAA3005C4097 /* Model */,
				03D157842C5A87DB00C9602C /* View */,
				03CEFF492C516FA4003A5A1C /* Assets.xcassets */,
				03CEFF4B2C516FA4003A5A1C /* Preview Content */,
			);
			path = LearnLoop;
			sourceTree = "<group>";
		};
		03CEFF4B2C516FA4003A5A1C /* Preview Content */ = {
			isa = PBXGroup;
			children = (
				03CEFF4C2C516FA4003A5A1C /* Preview Assets.xcassets */,
			);
			path = "Preview Content";
			sourceTree = "<group>";
		};
		03CEFF552C516FA5003A5A1C /* LearnLoopTests */ = {
			isa = PBXGroup;
			children = (
				03CEFF562C516FA5003A5A1C /* LearnLoopTests.swift */,
			);
			path = LearnLoopTests;
			sourceTree = "<group>";
		};
		03CEFF5F2C516FA5003A5A1C /* LearnLoopUITests */ = {
			isa = PBXGroup;
			children = (
				03CEFF602C516FA5003A5A1C /* LearnLoopUITests.swift */,
				03CEFF622C516FA5003A5A1C /* LearnLoopUITestsLaunchTests.swift */,
			);
			path = LearnLoopUITests;
			sourceTree = "<group>";
		};
		03D157842C5A87DB00C9602C /* View */ = {
			isa = PBXGroup;
			children = (
				03D157852C5A87F100C9602C /* Home */,
				03F76C782C62855D005C4097 /* CardView */,
			);
			path = View;
			sourceTree = "<group>";
		};
		03D157852C5A87F100C9602C /* Home */ = {
			isa = PBXGroup;
			children = (
				03DEC5AD2CCAA8B9003605AC /* LLHomeViewButton.swift */,
				03D157822C5A74DF00C9602C /* LLHomeDeckCell.swift */,
				03CEFF472C516FA0003A5A1C /* LLHomeView.swift */,
			);
			path = Home;
			sourceTree = "<group>";
		};
		03F76C782C62855D005C4097 /* CardView */ = {
			isa = PBXGroup;
			children = (
				03F76C802C63B998005C4097 /* LLFirstCardView.swift */,
				03C24FF32CB8224D0098A1A5 /* LLFinalCardView.swift */,
			);
			path = CardView;
			sourceTree = "<group>";
		};
		03F76C822C63BAA3005C4097 /* Model */ = {
			isa = PBXGroup;
			children = (
				03F76C842C63BB3C005C4097 /* HomeDeck.swift */,
				03F76C862C63BD18005C4097 /* Card.swift */,
			);
			path = Model;
			sourceTree = "<group>";
		};
/* End PBXGroup section */

/* Begin PBXNativeTarget section */
		03CEFF412C516FA0003A5A1C /* LearnLoop */ = {
			isa = PBXNativeTarget;
			buildConfigurationList = 03CEFF662C516FA5003A5A1C /* Build configuration list for PBXNativeTarget "LearnLoop" */;
			buildPhases = (
				03CEFF3E2C516FA0003A5A1C /* Sources */,
				03CEFF3F2C516FA0003A5A1C /* Frameworks */,
				03CEFF402C516FA0003A5A1C /* Resources */,
			);
			buildRules = (
			);
			dependencies = (
			);
			name = LearnLoop;
			productName = LearnLoop;
			productReference = 03CEFF422C516FA0003A5A1C /* LearnLoop.app */;
			productType = "com.apple.product-type.application";
		};
		03CEFF512C516FA5003A5A1C /* LearnLoopTests */ = {
			isa = PBXNativeTarget;
			buildConfigurationList = 03CEFF692C516FA5003A5A1C /* Build configuration list for PBXNativeTarget "LearnLoopTests" */;
			buildPhases = (
				03CEFF4E2C516FA5003A5A1C /* Sources */,
				03CEFF4F2C516FA5003A5A1C /* Frameworks */,
				03CEFF502C516FA5003A5A1C /* Resources */,
			);
			buildRules = (
			);
			dependencies = (
				03CEFF542C516FA5003A5A1C /* PBXTargetDependency */,
			);
			name = LearnLoopTests;
			productName = LearnLoopTests;
			productReference = 03CEFF522C516FA5003A5A1C /* LearnLoopTests.xctest */;
			productType = "com.apple.product-type.bundle.unit-test";
		};
		03CEFF5B2C516FA5003A5A1C /* LearnLoopUITests */ = {
			isa = PBXNativeTarget;
			buildConfigurationList = 03CEFF6C2C516FA5003A5A1C /* Build configuration list for PBXNativeTarget "LearnLoopUITests" */;
			buildPhases = (
				03CEFF582C516FA5003A5A1C /* Sources */,
				03CEFF592C516FA5003A5A1C /* Frameworks */,
				03CEFF5A2C516FA5003A5A1C /* Resources */,
			);
			buildRules = (
			);
			dependencies = (
				03CEFF5E2C516FA5003A5A1C /* PBXTargetDependency */,
			);
			name = LearnLoopUITests;
			productName = LearnLoopUITests;
			productReference = 03CEFF5C2C516FA5003A5A1C /* LearnLoopUITests.xctest */;
			productType = "com.apple.product-type.bundle.ui-testing";
		};
/* End PBXNativeTarget section */

/* Begin PBXProject section */
		03CEFF3A2C516FA0003A5A1C /* Project object */ = {
			isa = PBXProject;
			attributes = {
				BuildIndependentTargetsInParallel = 1;
				LastSwiftUpdateCheck = 1500;
				LastUpgradeCheck = 1500;
				TargetAttributes = {
					03CEFF412C516FA0003A5A1C = {
						CreatedOnToolsVersion = 15.0.1;
					};
					03CEFF512C516FA5003A5A1C = {
						CreatedOnToolsVersion = 15.0.1;
						TestTargetID = 03CEFF412C516FA0003A5A1C;
					};
					03CEFF5B2C516FA5003A5A1C = {
						CreatedOnToolsVersion = 15.0.1;
						TestTargetID = 03CEFF412C516FA0003A5A1C;
					};
				};
			};
			buildConfigurationList = 03CEFF3D2C516FA0003A5A1C /* Build configuration list for PBXProject "LearnLoop" */;
			compatibilityVersion = "Xcode 14.0";
			developmentRegion = en;
			hasScannedForEncodings = 0;
			knownRegions = (
				en,
				Base,
			);
			mainGroup = 03CEFF392C516FA0003A5A1C;
			productRefGroup = 03CEFF432C516FA0003A5A1C /* Products */;
			projectDirPath = "";
			projectRoot = "";
			targets = (
				03CEFF412C516FA0003A5A1C /* LearnLoop */,
				03CEFF512C516FA5003A5A1C /* LearnLoopTests */,
				03CEFF5B2C516FA5003A5A1C /* LearnLoopUITests */,
			);
		};
/* End PBXProject section */

/* Begin PBXResourcesBuildPhase section */
		03CEFF402C516FA0003A5A1C /* Resources */ = {
			isa = PBXResourcesBuildPhase;
			buildActionMask = 2147483647;
			files = (
				03CEFF4D2C516FA4003A5A1C /* Preview Assets.xcassets in Resources */,
				03CEFF4A2C516FA4003A5A1C /* Assets.xcassets in Resources */,
			);
			runOnlyForDeploymentPostprocessing = 0;
		};
		03CEFF502C516FA5003A5A1C /* Resources */ = {
			isa = PBXResourcesBuildPhase;
			buildActionMask = 2147483647;
			files = (
			);
			runOnlyForDeploymentPostprocessing = 0;
		};
		03CEFF5A2C516FA5003A5A1C /* Resources */ = {
			isa = PBXResourcesBuildPhase;
			buildActionMask = 2147483647;
			files = (
			);
			runOnlyForDeploymentPostprocessing = 0;
		};
/* End PBXResourcesBuildPhase section */

/* Begin PBXSourcesBuildPhase section */
		03CEFF3E2C516FA0003A5A1C /* Sources */ = {
			isa = PBXSourcesBuildPhase;
			buildActionMask = 2147483647;
			files = (
				03DEC5AE2CCAA8B9003605AC /* LLHomeViewButton.swift in Sources */,
				03C24FF42CB8224D0098A1A5 /* LLFinalCardView.swift in Sources */,
				03F76C852C63BB3C005C4097 /* HomeDeck.swift in Sources */,
				03F76C812C63B999005C4097 /* LLFirstCardView.swift in Sources */,
				03D157832C5A74DF00C9602C /* LLHomeDeckCell.swift in Sources */,
				03CEFF482C516FA0003A5A1C /* LLHomeView.swift in Sources */,
				03CEFF462C516FA0003A5A1C /* LearnLoopApp.swift in Sources */,
				037E67FB2C6E57B900F1CF83 /* LLColours.swift in Sources */,
				03F76C872C63BD18005C4097 /* Card.swift in Sources */,
			);
			runOnlyForDeploymentPostprocessing = 0;
		};
		03CEFF4E2C516FA5003A5A1C /* Sources */ = {
			isa = PBXSourcesBuildPhase;
			buildActionMask = 2147483647;
			files = (
				03CEFF572C516FA5003A5A1C /* LearnLoopTests.swift in Sources */,
			);
			runOnlyForDeploymentPostprocessing = 0;
		};
		03CEFF582C516FA5003A5A1C /* Sources */ = {
			isa = PBXSourcesBuildPhase;
			buildActionMask = 2147483647;
			files = (
				03CEFF612C516FA5003A5A1C /* LearnLoopUITests.swift in Sources */,
				03CEFF632C516FA5003A5A1C /* LearnLoopUITestsLaunchTests.swift in Sources */,
			);
			runOnlyForDeploymentPostprocessing = 0;
		};
/* End PBXSourcesBuildPhase section */

/* Begin PBXTargetDependency section */
		03CEFF542C516FA5003A5A1C /* PBXTargetDependency */ = {
			isa = PBXTargetDependency;
			target = 03CEFF412C516FA0003A5A1C /* LearnLoop */;
			targetProxy = 03CEFF532C516FA5003A5A1C /* PBXContainerItemProxy */;
		};
		03CEFF5E2C516FA5003A5A1C /* PBXTargetDependency */ = {
			isa = PBXTargetDependency;
			target = 03CEFF412C516FA0003A5A1C /* LearnLoop */;
			targetProxy = 03CEFF5D2C516FA5003A5A1C /* PBXContainerItemProxy */;
		};
/* End PBXTargetDependency section */

/* Begin XCBuildConfiguration section */
		03CEFF642C516FA5003A5A1C /* Debug */ = {
			isa = XCBuildConfiguration;
			buildSettings = {
				ALWAYS_SEARCH_USER_PATHS = NO;
				ASSETCATALOG_COMPILER_GENERATE_SWIFT_ASSET_SYMBOL_EXTENSIONS = YES;
				CLANG_ANALYZER_NONNULL = YES;
				CLANG_ANALYZER_NUMBER_OBJECT_CONVERSION = YES_AGGRESSIVE;
				CLANG_CXX_LANGUAGE_STANDARD = "gnu++20";
				CLANG_ENABLE_MODULES = YES;
				CLANG_ENABLE_OBJC_ARC = YES;
				CLANG_ENABLE_OBJC_WEAK = YES;
				CLANG_WARN_BLOCK_CAPTURE_AUTORELEASING = YES;
				CLANG_WARN_BOOL_CONVERSION = YES;
				CLANG_WARN_COMMA = YES;
				CLANG_WARN_CONSTANT_CONVERSION = YES;
				CLANG_WARN_DEPRECATED_OBJC_IMPLEMENTATIONS = YES;
				CLANG_WARN_DIRECT_OBJC_ISA_USAGE = YES_ERROR;
				CLANG_WARN_DOCUMENTATION_COMMENTS = YES;
				CLANG_WARN_EMPTY_BODY = YES;
				CLANG_WARN_ENUM_CONVERSION = YES;
				CLANG_WARN_INFINITE_RECURSION = YES;
				CLANG_WARN_INT_CONVERSION = YES;
				CLANG_WARN_NON_LITERAL_NULL_CONVERSION = YES;
				CLANG_WARN_OBJC_IMPLICIT_RETAIN_SELF = YES;
				CLANG_WARN_OBJC_LITERAL_CONVERSION = YES;
				CLANG_WARN_OBJC_ROOT_CLASS = YES_ERROR;
				CLANG_WARN_QUOTED_INCLUDE_IN_FRAMEWORK_HEADER = YES;
				CLANG_WARN_RANGE_LOOP_ANALYSIS = YES;
				CLANG_WARN_STRICT_PROTOTYPES = YES;
				CLANG_WARN_SUSPICIOUS_MOVE = YES;
				CLANG_WARN_UNGUARDED_AVAILABILITY = YES_AGGRESSIVE;
				CLANG_WARN_UNREACHABLE_CODE = YES;
				CLANG_WARN__DUPLICATE_METHOD_MATCH = YES;
				COPY_PHASE_STRIP = NO;
				DEBUG_INFORMATION_FORMAT = dwarf;
				ENABLE_STRICT_OBJC_MSGSEND = YES;
				ENABLE_TESTABILITY = YES;
				ENABLE_USER_SCRIPT_SANDBOXING = YES;
				GCC_C_LANGUAGE_STANDARD = gnu17;
				GCC_DYNAMIC_NO_PIC = NO;
				GCC_NO_COMMON_BLOCKS = YES;
				GCC_OPTIMIZATION_LEVEL = 0;
				GCC_PREPROCESSOR_DEFINITIONS = (
					"DEBUG=1",
					"$(inherited)",
				);
				GCC_WARN_64_TO_32_BIT_CONVERSION = YES;
				GCC_WARN_ABOUT_RETURN_TYPE = YES_ERROR;
				GCC_WARN_UNDECLARED_SELECTOR = YES;
				GCC_WARN_UNINITIALIZED_AUTOS = YES_AGGRESSIVE;
				GCC_WARN_UNUSED_FUNCTION = YES;
				GCC_WARN_UNUSED_VARIABLE = YES;
				IPHONEOS_DEPLOYMENT_TARGET = 17.0;
				LOCALIZATION_PREFERS_STRING_CATALOGS = YES;
				MTL_ENABLE_DEBUG_INFO = INCLUDE_SOURCE;
				MTL_FAST_MATH = YES;
				ONLY_ACTIVE_ARCH = YES;
				SDKROOT = iphoneos;
				SWIFT_ACTIVE_COMPILATION_CONDITIONS = "DEBUG $(inherited)";
				SWIFT_OPTIMIZATION_LEVEL = "-Onone";
			};
			name = Debug;
		};
		03CEFF652C516FA5003A5A1C /* Release */ = {
			isa = XCBuildConfiguration;
			buildSettings = {
				ALWAYS_SEARCH_USER_PATHS = NO;
				ASSETCATALOG_COMPILER_GENERATE_SWIFT_ASSET_SYMBOL_EXTENSIONS = YES;
				CLANG_ANALYZER_NONNULL = YES;
				CLANG_ANALYZER_NUMBER_OBJECT_CONVERSION = YES_AGGRESSIVE;
				CLANG_CXX_LANGUAGE_STANDARD = "gnu++20";
				CLANG_ENABLE_MODULES = YES;
				CLANG_ENABLE_OBJC_ARC = YES;
				CLANG_ENABLE_OBJC_WEAK = YES;
				CLANG_WARN_BLOCK_CAPTURE_AUTORELEASING = YES;
				CLANG_WARN_BOOL_CONVERSION = YES;
				CLANG_WARN_COMMA = YES;
				CLANG_WARN_CONSTANT_CONVERSION = YES;
				CLANG_WARN_DEPRECATED_OBJC_IMPLEMENTATIONS = YES;
				CLANG_WARN_DIRECT_OBJC_ISA_USAGE = YES_ERROR;
				CLANG_WARN_DOCUMENTATION_COMMENTS = YES;
				CLANG_WARN_EMPTY_BODY = YES;
				CLANG_WARN_ENUM_CONVERSION = YES;
				CLANG_WARN_INFINITE_RECURSION = YES;
				CLANG_WARN_INT_CONVERSION = YES;
				CLANG_WARN_NON_LITERAL_NULL_CONVERSION = YES;
				CLANG_WARN_OBJC_IMPLICIT_RETAIN_SELF = YES;
				CLANG_WARN_OBJC_LITERAL_CONVERSION = YES;
				CLANG_WARN_OBJC_ROOT_CLASS = YES_ERROR;
				CLANG_WARN_QUOTED_INCLUDE_IN_FRAMEWORK_HEADER = YES;
				CLANG_WARN_RANGE_LOOP_ANALYSIS = YES;
				CLANG_WARN_STRICT_PROTOTYPES = YES;
				CLANG_WARN_SUSPICIOUS_MOVE = YES;
				CLANG_WARN_UNGUARDED_AVAILABILITY = YES_AGGRESSIVE;
				CLANG_WARN_UNREACHABLE_CODE = YES;
				CLANG_WARN__DUPLICATE_METHOD_MATCH = YES;
				COPY_PHASE_STRIP = NO;
				DEBUG_INFORMATION_FORMAT = "dwarf-with-dsym";
				ENABLE_NS_ASSERTIONS = NO;
				ENABLE_STRICT_OBJC_MSGSEND = YES;
				ENABLE_USER_SCRIPT_SANDBOXING = YES;
				GCC_C_LANGUAGE_STANDARD = gnu17;
				GCC_NO_COMMON_BLOCKS = YES;
				GCC_WARN_64_TO_32_BIT_CONVERSION = YES;
				GCC_WARN_ABOUT_RETURN_TYPE = YES_ERROR;
				GCC_WARN_UNDECLARED_SELECTOR = YES;
				GCC_WARN_UNINITIALIZED_AUTOS = YES_AGGRESSIVE;
				GCC_WARN_UNUSED_FUNCTION = YES;
				GCC_WARN_UNUSED_VARIABLE = YES;
				IPHONEOS_DEPLOYMENT_TARGET = 17.0;
				LOCALIZATION_PREFERS_STRING_CATALOGS = YES;
				MTL_ENABLE_DEBUG_INFO = NO;
				MTL_FAST_MATH = YES;
				SDKROOT = iphoneos;
				SWIFT_COMPILATION_MODE = wholemodule;
				VALIDATE_PRODUCT = YES;
			};
			name = Release;
		};
		03CEFF672C516FA5003A5A1C /* Debug */ = {
			isa = XCBuildConfiguration;
			buildSettings = {
				ASSETCATALOG_COMPILER_APPICON_NAME = AppIcon;
				ASSETCATALOG_COMPILER_GLOBAL_ACCENT_COLOR_NAME = AccentColor;
				CODE_SIGN_STYLE = Automatic;
				CURRENT_PROJECT_VERSION = 1;
				DEVELOPMENT_ASSET_PATHS = "\"LearnLoop/Preview Content\"";
				DEVELOPMENT_TEAM = 68W4AKL2MS;
				ENABLE_PREVIEWS = YES;
				GENERATE_INFOPLIST_FILE = YES;
				INFOPLIST_KEY_UIApplicationSceneManifest_Generation = YES;
				INFOPLIST_KEY_UIApplicationSupportsIndirectInputEvents = YES;
				INFOPLIST_KEY_UILaunchScreen_Generation = YES;
				INFOPLIST_KEY_UISupportedInterfaceOrientations_iPad = "UIInterfaceOrientationPortrait UIInterfaceOrientationPortraitUpsideDown UIInterfaceOrientationLandscapeLeft UIInterfaceOrientationLandscapeRight";
				INFOPLIST_KEY_UISupportedInterfaceOrientations_iPhone = "UIInterfaceOrientationPortrait UIInterfaceOrientationLandscapeLeft UIInterfaceOrientationLandscapeRight";
				LD_RUNPATH_SEARCH_PATHS = (
					"$(inherited)",
					"@executable_path/Frameworks",
				);
				MARKETING_VERSION = 1.0;
				PRODUCT_BUNDLE_IDENTIFIER = com.vanluhurla.LearnLoop;
				PRODUCT_NAME = "$(TARGET_NAME)";
				SWIFT_EMIT_LOC_STRINGS = YES;
				SWIFT_VERSION = 5.0;
				TARGETED_DEVICE_FAMILY = "1,2";
			};
			name = Debug;
		};
		03CEFF682C516FA5003A5A1C /* Release */ = {
			isa = XCBuildConfiguration;
			buildSettings = {
				ASSETCATALOG_COMPILER_APPICON_NAME = AppIcon;
				ASSETCATALOG_COMPILER_GLOBAL_ACCENT_COLOR_NAME = AccentColor;
				CODE_SIGN_STYLE = Automatic;
				CURRENT_PROJECT_VERSION = 1;
				DEVELOPMENT_ASSET_PATHS = "\"LearnLoop/Preview Content\"";
				DEVELOPMENT_TEAM = 68W4AKL2MS;
				ENABLE_PREVIEWS = YES;
				GENERATE_INFOPLIST_FILE = YES;
				INFOPLIST_KEY_UIApplicationSceneManifest_Generation = YES;
				INFOPLIST_KEY_UIApplicationSupportsIndirectInputEvents = YES;
				INFOPLIST_KEY_UILaunchScreen_Generation = YES;
				INFOPLIST_KEY_UISupportedInterfaceOrientations_iPad = "UIInterfaceOrientationPortrait UIInterfaceOrientationPortraitUpsideDown UIInterfaceOrientationLandscapeLeft UIInterfaceOrientationLandscapeRight";
				INFOPLIST_KEY_UISupportedInterfaceOrientations_iPhone = "UIInterfaceOrientationPortrait UIInterfaceOrientationLandscapeLeft UIInterfaceOrientationLandscapeRight";
				LD_RUNPATH_SEARCH_PATHS = (
					"$(inherited)",
					"@executable_path/Frameworks",
				);
				MARKETING_VERSION = 1.0;
				PRODUCT_BUNDLE_IDENTIFIER = com.vanluhurla.LearnLoop;
				PRODUCT_NAME = "$(TARGET_NAME)";
				SWIFT_EMIT_LOC_STRINGS = YES;
				SWIFT_VERSION = 5.0;
				TARGETED_DEVICE_FAMILY = "1,2";
			};
			name = Release;
		};
		03CEFF6A2C516FA5003A5A1C /* Debug */ = {
			isa = XCBuildConfiguration;
			buildSettings = {
				ALWAYS_EMBED_SWIFT_STANDARD_LIBRARIES = YES;
				BUNDLE_LOADER = "$(TEST_HOST)";
				CODE_SIGN_STYLE = Automatic;
				CURRENT_PROJECT_VERSION = 1;
				DEVELOPMENT_TEAM = 68W4AKL2MS;
				GENERATE_INFOPLIST_FILE = YES;
				IPHONEOS_DEPLOYMENT_TARGET = 17.0;
				MARKETING_VERSION = 1.0;
				PRODUCT_BUNDLE_IDENTIFIER = com.vanluhurla.LearnLoopTests;
				PRODUCT_NAME = "$(TARGET_NAME)";
				SWIFT_EMIT_LOC_STRINGS = NO;
				SWIFT_VERSION = 5.0;
				TARGETED_DEVICE_FAMILY = "1,2";
				TEST_HOST = "$(BUILT_PRODUCTS_DIR)/LearnLoop.app/$(BUNDLE_EXECUTABLE_FOLDER_PATH)/LearnLoop";
			};
			name = Debug;
		};
		03CEFF6B2C516FA5003A5A1C /* Release */ = {
			isa = XCBuildConfiguration;
			buildSettings = {
				ALWAYS_EMBED_SWIFT_STANDARD_LIBRARIES = YES;
				BUNDLE_LOADER = "$(TEST_HOST)";
				CODE_SIGN_STYLE = Automatic;
				CURRENT_PROJECT_VERSION = 1;
				DEVELOPMENT_TEAM = 68W4AKL2MS;
				GENERATE_INFOPLIST_FILE = YES;
				IPHONEOS_DEPLOYMENT_TARGET = 17.0;
				MARKETING_VERSION = 1.0;
				PRODUCT_BUNDLE_IDENTIFIER = com.vanluhurla.LearnLoopTests;
				PRODUCT_NAME = "$(TARGET_NAME)";
				SWIFT_EMIT_LOC_STRINGS = NO;
				SWIFT_VERSION = 5.0;
				TARGETED_DEVICE_FAMILY = "1,2";
				TEST_HOST = "$(BUILT_PRODUCTS_DIR)/LearnLoop.app/$(BUNDLE_EXECUTABLE_FOLDER_PATH)/LearnLoop";
			};
			name = Release;
		};
		03CEFF6D2C516FA5003A5A1C /* Debug */ = {
			isa = XCBuildConfiguration;
			buildSettings = {
				ALWAYS_EMBED_SWIFT_STANDARD_LIBRARIES = YES;
				CODE_SIGN_STYLE = Automatic;
				CURRENT_PROJECT_VERSION = 1;
				DEVELOPMENT_TEAM = 68W4AKL2MS;
				GENERATE_INFOPLIST_FILE = YES;
				MARKETING_VERSION = 1.0;
				PRODUCT_BUNDLE_IDENTIFIER = com.vanluhurla.LearnLoopUITests;
				PRODUCT_NAME = "$(TARGET_NAME)";
				SWIFT_EMIT_LOC_STRINGS = NO;
				SWIFT_VERSION = 5.0;
				TARGETED_DEVICE_FAMILY = "1,2";
				TEST_TARGET_NAME = LearnLoop;
			};
			name = Debug;
		};
		03CEFF6E2C516FA5003A5A1C /* Release */ = {
			isa = XCBuildConfiguration;
			buildSettings = {
				ALWAYS_EMBED_SWIFT_STANDARD_LIBRARIES = YES;
				CODE_SIGN_STYLE = Automatic;
				CURRENT_PROJECT_VERSION = 1;
				DEVELOPMENT_TEAM = 68W4AKL2MS;
				GENERATE_INFOPLIST_FILE = YES;
				MARKETING_VERSION = 1.0;
				PRODUCT_BUNDLE_IDENTIFIER = com.vanluhurla.LearnLoopUITests;
				PRODUCT_NAME = "$(TARGET_NAME)";
				SWIFT_EMIT_LOC_STRINGS = NO;
				SWIFT_VERSION = 5.0;
				TARGETED_DEVICE_FAMILY = "1,2";
				TEST_TARGET_NAME = LearnLoop;
			};
			name = Release;
		};
/* End XCBuildConfiguration section */

/* Begin XCConfigurationList section */
		03CEFF3D2C516FA0003A5A1C /* Build configuration list for PBXProject "LearnLoop" */ = {
			isa = XCConfigurationList;
			buildConfigurations = (
				03CEFF642C516FA5003A5A1C /* Debug */,
				03CEFF652C516FA5003A5A1C /* Release */,
			);
			defaultConfigurationIsVisible = 0;
			defaultConfigurationName = Release;
		};
		03CEFF662C516FA5003A5A1C /* Build configuration list for PBXNativeTarget "LearnLoop" */ = {
			isa = XCConfigurationList;
			buildConfigurations = (
				03CEFF672C516FA5003A5A1C /* Debug */,
				03CEFF682C516FA5003A5A1C /* Release */,
			);
			defaultConfigurationIsVisible = 0;
			defaultConfigurationName = Release;
		};
		03CEFF692C516FA5003A5A1C /* Build configuration list for PBXNativeTarget "LearnLoopTests" */ = {
			isa = XCConfigurationList;
			buildConfigurations = (
				03CEFF6A2C516FA5003A5A1C /* Debug */,
				03CEFF6B2C516FA5003A5A1C /* Release */,
			);
			defaultConfigurationIsVisible = 0;
			defaultConfigurationName = Release;
		};
		03CEFF6C2C516FA5003A5A1C /* Build configuration list for PBXNativeTarget "LearnLoopUITests" */ = {
			isa = XCConfigurationList;
			buildConfigurations = (
				03CEFF6D2C516FA5003A5A1C /* Debug */,
				03CEFF6E2C516FA5003A5A1C /* Release */,
			);
			defaultConfigurationIsVisible = 0;
			defaultConfigurationName = Release;
		};
/* End XCConfigurationList section */
	};
	rootObject = 03CEFF3A2C516FA0003A5A1C /* Project object */;
}
